{
  "object": {
    "pins": [
      {
        "package": "Reachability",
        "repositoryURL": "https://github.com/ashleymills/Reachability.swift",
        "state": {
          "branch": null,
          "revision": "98e968e7b6c1318fb61df23e347bc319761e8acb",
          "version": "5.0.0"
        }
      },
      {
        "package": "Starscream",
        "repositoryURL": "https://github.com/daltoniam/Starscream.git",
        "state": {
          "branch": null,
          "revision": "df8d82047f6654d8e4b655d1b1525c64e1059d21",
          "version": "4.0.4"
        }
      }
    ]
  },
  "version": 1
}
